// !$*UTF8*$!
{
	archiveVersion = 1;
	classes = {
	};
	objectVersion = 77;
	objects = {

/* Begin PBXContainerItemProxy section */
		235C1D9D2CE3CAE20021ED63 /* PBXContainerItemProxy */ = {
			isa = PBXContainerItemProxy;
			containerPortal = 235C1D842CE3CAE00021ED63 /* Project object */;
			proxyType = 1;
			remoteGlobalIDString = 235C1D8B2CE3CAE00021ED63;
			remoteInfo = WaterTracker;
		};
		235C1DA72CE3CAE20021ED63 /* PBXContainerItemProxy */ = {
			isa = PBXContainerItemProxy;
			containerPortal = 235C1D842CE3CAE00021ED63 /* Project object */;
			proxyType = 1;
			remoteGlobalIDString = 235C1D8B2CE3CAE00021ED63;
			remoteInfo = WaterTracker;
		};
/* End PBXContainerItemProxy section */

/* Begin PBXFileReference section */
		235C1D8C2CE3CAE00021ED63 /* WaterTracker.app */ = {isa = PBXFileReference; explicitFileType = wrapper.application; includeInIndex = 0; path = WaterTracker.app; sourceTree = BUILT_PRODUCTS_DIR; };
		235C1D9C2CE3CAE20021ED63 /* WaterTrackerTests.xctest */ = {isa = PBXFileReference; explicitFileType = wrapper.cfbundle; includeInIndex = 0; path = WaterTrackerTests.xctest; sourceTree = BUILT_PRODUCTS_DIR; };
		235C1DA62CE3CAE20021ED63 /* WaterTrackerUITests.xctest */ = {isa = PBXFileReference; explicitFileType = wrapper.cfbundle; includeInIndex = 0; path = WaterTrackerUITests.xctest; sourceTree = BUILT_PRODUCTS_DIR; };
/* End PBXFileReference section */

/* Begin PBXFileSystemSynchronizedRootGroup section */
		235C1D8E2CE3CAE00021ED63 /* WaterTracker */ = {
			isa = PBXFileSystemSynchronizedRootGroup;
			path = WaterTracker;
			sourceTree = "<group>";
		};
		235C1D9F2CE3CAE20021ED63 /* WaterTrackerTests */ = {
			isa = PBXFileSystemSynchronizedRootGroup;
			path = WaterTrackerTests;
			sourceTree = "<group>";
		};
		235C1DA92CE3CAE20021ED63 /* WaterTrackerUITests */ = {
			isa = PBXFileSystemSynchronizedRootGroup;
			path = WaterTrackerUITests;
			sourceTree = "<group>";
		};
/* End PBXFileSystemSynchronizedRootGroup section */

/* Begin PBXFrameworksBuildPhase section */
		235C1D892CE3CAE00021ED63 /* Frameworks */ = {
			isa = PBXFrameworksBuildPhase;
			buildActionMask = 2147483647;
			files = (
			);
			runOnlyForDeploymentPostprocessing = 0;
		};
		235C1D992CE3CAE20021ED63 /* Frameworks */ = {
			isa = PBXFrameworksBuildPhase;
			buildActionMask = 2147483647;
			files = (
			);
			runOnlyForDeploymentPostprocessing = 0;
		};
		235C1DA32CE3CAE20021ED63 /* Frameworks */ = {
			isa = PBXFrameworksBuildPhase;
			buildActionMask = 2147483647;
			files = (
			);
			runOnlyForDeploymentPostprocessing = 0;
		};
/* End PBXFrameworksBuildPhase section */

/* Begin PBXGroup section */
		235C1D832CE3CAE00021ED63 = {
			isa = PBXGroup;
			children = (
				235C1D8E2CE3CAE00021ED63 /* WaterTracker */,
				235C1D9F2CE3CAE20021ED63 /* WaterTrackerTests */,
				235C1DA92CE3CAE20021ED63 /* WaterTrackerUITests */,
				235C1D8D2CE3CAE00021ED63 /* Products */,
			);
			sourceTree = "<group>";
		};
		235C1D8D2CE3CAE00021ED63 /* Products */ = {
			isa = PBXGroup;
			children = (
				235C1D8C2CE3CAE00021ED63 /* WaterTracker.app */,
				235C1D9C2CE3CAE20021ED63 /* WaterTrackerTests.xctest */,
				235C1DA62CE3CAE20021ED63 /* WaterTrackerUITests.xctest */,
			);
			name = Products;
			sourceTree = "<group>";
		};
/* End PBXGroup section */

/* Begin PBXNativeTarget section */
		235C1D8B2CE3CAE00021ED63 /* WaterTracker */ = {
			isa = PBXNativeTarget;
			buildConfigurationList = 235C1DB02CE3CAE20021ED63 /* Build configuration list for PBXNativeTarget "WaterTracker" */;
			buildPhases = (
				235C1D882CE3CAE00021ED63 /* Sources */,
				235C1D892CE3CAE00021ED63 /* Frameworks */,
				235C1D8A2CE3CAE00021ED63 /* Resources */,
			);
			buildRules = (
			);
			dependencies = (
			);
			fileSystemSynchronizedGroups = (
				235C1D8E2CE3CAE00021ED63 /* WaterTracker */,
			);
			name = WaterTracker;
			packageProductDependencies = (
			);
			productName = WaterTracker;
			productReference = 235C1D8C2CE3CAE00021ED63 /* WaterTracker.app */;
			productType = "com.apple.product-type.application";
		};
		235C1D9B2CE3CAE20021ED63 /* WaterTrackerTests */ = {
			isa = PBXNativeTarget;
			buildConfigurationList = 235C1DB32CE3CAE20021ED63 /* Build configuration list for PBXNativeTarget "WaterTrackerTests" */;
			buildPhases = (
				235C1D982CE3CAE20021ED63 /* Sources */,
				235C1D992CE3CAE20021ED63 /* Frameworks */,
				235C1D9A2CE3CAE20021ED63 /* Resources */,
			);
			buildRules = (
			);
			dependencies = (
				235C1D9E2CE3CAE20021ED63 /* PBXTargetDependency */,
			);
			fileSystemSynchronizedGroups = (
				235C1D9F2CE3CAE20021ED63 /* WaterTrackerTests */,
			);
			name = WaterTrackerTests;
			packageProductDependencies = (
			);
			productName = WaterTrackerTests;
			productReference = 235C1D9C2CE3CAE20021ED63 /* WaterTrackerTests.xctest */;
			productType = "com.apple.product-type.bundle.unit-test";
		};
		235C1DA52CE3CAE20021ED63 /* WaterTrackerUITests */ = {
			isa = PBXNativeTarget;
			buildConfigurationList = 235C1DB62CE3CAE20021ED63 /* Build configuration list for PBXNativeTarget "WaterTrackerUITests" */;
			buildPhases = (
				235C1DA22CE3CAE20021ED63 /* Sources */,
				235C1DA32CE3CAE20021ED63 /* Frameworks */,
				235C1DA42CE3CAE20021ED63 /* Resources */,
			);
			buildRules = (
			);
			dependencies = (
				235C1DA82CE3CAE20021ED63 /* PBXTargetDependency */,
			);
			fileSystemSynchronizedGroups = (
				235C1DA92CE3CAE20021ED63 /* WaterTrackerUITests */,
			);
			name = WaterTrackerUITests;
			packageProductDependencies = (
			);
			productName = WaterTrackerUITests;
			productReference = 235C1DA62CE3CAE20021ED63 /* WaterTrackerUITests.xctest */;
			productType = "com.apple.product-type.bundle.ui-testing";
		};
/* End PBXNativeTarget section */

/* Begin PBXProject section */
		235C1D842CE3CAE00021ED63 /* Project object */ = {
			isa = PBXProject;
			attributes = {
				BuildIndependentTargetsInParallel = 1;
				LastSwiftUpdateCheck = 1610;
				LastUpgradeCheck = 1610;
				TargetAttributes = {
					235C1D8B2CE3CAE00021ED63 = {
						CreatedOnToolsVersion = 16.1;
					};
					235C1D9B2CE3CAE20021ED63 = {
						CreatedOnToolsVersion = 16.1;
						TestTargetID = 235C1D8B2CE3CAE00021ED63;
					};
					235C1DA52CE3CAE20021ED63 = {
						CreatedOnToolsVersion = 16.1;
						TestTargetID = 235C1D8B2CE3CAE00021ED63;
					};
				};
			};
			buildConfigurationList = 235C1D872CE3CAE00021ED63 /* Build configuration list for PBXProject "WaterTracker" */;
			developmentRegion = en;
			hasScannedForEncodings = 0;
			knownRegions = (
				en,
				Base,
			);
			mainGroup = 235C1D832CE3CAE00021ED63;
			minimizedProjectReferenceProxies = 1;
			preferredProjectObjectVersion = 77;
			productRefGroup = 235C1D8D2CE3CAE00021ED63 /* Products */;
			projectDirPath = "";
			projectRoot = "";
			targets = (
				235C1D8B2CE3CAE00021ED63 /* WaterTracker */,
				235C1D9B2CE3CAE20021ED63 /* WaterTrackerTests */,
				235C1DA52CE3CAE20021ED63 /* WaterTrackerUITests */,
			);
		};
/* End PBXProject section */

/* Begin PBXResourcesBuildPhase section */
		235C1D8A2CE3CAE00021ED63 /* Resources */ = {
			isa = PBXResourcesBuildPhase;
			buildActionMask = 2147483647;
			files = (
			);
			runOnlyForDeploymentPostprocessing = 0;
		};
		235C1D9A2CE3CAE20021ED63 /* Resources */ = {
			isa = PBXResourcesBuildPhase;
			buildActionMask = 2147483647;
			files = (
			);
			runOnlyForDeploymentPostprocessing = 0;
		};
		235C1DA42CE3CAE20021ED63 /* Resources */ = {
			isa = PBXResourcesBuildPhase;
			buildActionMask = 2147483647;
			files = (
			);
			runOnlyForDeploymentPostprocessing = 0;
		};
/* End PBXResourcesBuildPhase section */

/* Begin PBXSourcesBuildPhase section */
		235C1D882CE3CAE00021ED63 /* Sources */ = {
			isa = PBXSourcesBuildPhase;
			buildActionMask = 2147483647;
			files = (
			);
			runOnlyForDeploymentPostprocessing = 0;
		};
		235C1D982CE3CAE20021ED63 /* Sources */ = {
			isa = PBXSourcesBuildPhase;
			buildActionMask = 2147483647;
			files = (
			);
			runOnlyForDeploymentPostprocessing = 0;
		};
		235C1DA22CE3CAE20021ED63 /* Sources */ = {
			isa = PBXSourcesBuildPhase;
			buildActionMask = 2147483647;
			files = (
			);
			runOnlyForDeploymentPostprocessing = 0;
		};
/* End PBXSourcesBuildPhase section */

/* Begin PBXTargetDependency section */
		235C1D9E2CE3CAE20021ED63 /* PBXTargetDependency */ = {
			isa = PBXTargetDependency;
			target = 235C1D8B2CE3CAE00021ED63 /* WaterTracker */;
			targetProxy = 235C1D9D2CE3CAE20021ED63 /* PBXContainerItemProxy */;
		};
		235C1DA82CE3CAE20021ED63 /* PBXTargetDependency */ = {
			isa = PBXTargetDependency;
			target = 235C1D8B2CE3CAE00021ED63 /* WaterTracker */;
			targetProxy = 235C1DA72CE3CAE20021ED63 /* PBXContainerItemProxy */;
		};
/* End PBXTargetDependency section */

/* Begin XCBuildConfiguration section */
		235C1DAE2CE3CAE20021ED63 /* Debug */ = {
			isa = XCBuildConfiguration;
			buildSettings = {
				ALWAYS_SEARCH_USER_PATHS = NO;
				ASSETCATALOG_COMPILER_GENERATE_SWIFT_ASSET_SYMBOL_EXTENSIONS = YES;
				CLANG_ANALYZER_NONNULL = YES;
				CLANG_ANALYZER_NUMBER_OBJECT_CONVERSION = YES_AGGRESSIVE;
				CLANG_CXX_LANGUAGE_STANDARD = "gnu++20";
				CLANG_ENABLE_MODULES = YES;
				CLANG_ENABLE_OBJC_ARC = YES;
				CLANG_ENABLE_OBJC_WEAK = YES;
				CLANG_WARN_BLOCK_CAPTURE_AUTORELEASING = YES;
				CLANG_WARN_BOOL_CONVERSION = YES;
				CLANG_WARN_COMMA = YES;
				CLANG_WARN_CONSTANT_CONVERSION = YES;
				CLANG_WARN_DEPRECATED_OBJC_IMPLEMENTATIONS = YES;
				CLANG_WARN_DIRECT_OBJC_ISA_USAGE = YES_ERROR;
				CLANG_WARN_DOCUMENTATION_COMMENTS = YES;
				CLANG_WARN_EMPTY_BODY = YES;
				CLANG_WARN_ENUM_CONVERSION = YES;
				CLANG_WARN_INFINITE_RECURSION = YES;
				CLANG_WARN_INT_CONVERSION = YES;
				CLANG_WARN_NON_LITERAL_NULL_CONVERSION = YES;
				CLANG_WARN_OBJC_IMPLICIT_RETAIN_SELF = YES;
				CLANG_WARN_OBJC_LITERAL_CONVERSION = YES;
				CLANG_WARN_OBJC_ROOT_CLASS = YES_ERROR;
				CLANG_WARN_QUOTED_INCLUDE_IN_FRAMEWORK_HEADER = YES;
				CLANG_WARN_RANGE_LOOP_ANALYSIS = YES;
				CLANG_WARN_STRICT_PROTOTYPES = YES;
				CLANG_WARN_SUSPICIOUS_MOVE = YES;
				CLANG_WARN_UNGUARDED_AVAILABILITY = YES_AGGRESSIVE;
				CLANG_WARN_UNREACHABLE_CODE = YES;
				CLANG_WARN__DUPLICATE_METHOD_MATCH = YES;
				COPY_PHASE_STRIP = NO;
				DEBUG_INFORMATION_FORMAT = dwarf;
				ENABLE_STRICT_OBJC_MSGSEND = YES;
				ENABLE_TESTABILITY = YES;
				ENABLE_USER_SCRIPT_SANDBOXING = YES;
				GCC_C_LANGUAGE_STANDARD = gnu17;
				GCC_DYNAMIC_NO_PIC = NO;
				GCC_NO_COMMON_BLOCKS = YES;
				GCC_OPTIMIZATION_LEVEL = 0;
				GCC_PREPROCESSOR_DEFINITIONS = (
					"DEBUG=1",
					"$(inherited)",
				);
				GCC_WARN_64_TO_32_BIT_CONVERSION = YES;
				GCC_WARN_ABOUT_RETURN_TYPE = YES_ERROR;
				GCC_WARN_UNDECLARED_SELECTOR = YES;
				GCC_WARN_UNINITIALIZED_AUTOS = YES_AGGRESSIVE;
				GCC_WARN_UNUSED_FUNCTION = YES;
				GCC_WARN_UNUSED_VARIABLE = YES;
				IPHONEOS_DEPLOYMENT_TARGET = 18.1;
				LOCALIZATION_PREFERS_STRING_CATALOGS = YES;
				MTL_ENABLE_DEBUG_INFO = INCLUDE_SOURCE;
				MTL_FAST_MATH = YES;
				ONLY_ACTIVE_ARCH = YES;
				SDKROOT = iphoneos;
				SWIFT_ACTIVE_COMPILATION_CONDITIONS = "DEBUG $(inherited)";
				SWIFT_OPTIMIZATION_LEVEL = "-Onone";
			};
			name = Debug;
		};
		235C1DAF2CE3CAE20021ED63 /* Release */ = {
			isa = XCBuildConfiguration;
			buildSettings = {
				ALWAYS_SEARCH_USER_PATHS = NO;
				ASSETCATALOG_COMPILER_GENERATE_SWIFT_ASSET_SYMBOL_EXTENSIONS = YES;
				CLANG_ANALYZER_NONNULL = YES;
				CLANG_ANALYZER_NUMBER_OBJECT_CONVERSION = YES_AGGRESSIVE;
				CLANG_CXX_LANGUAGE_STANDARD = "gnu++20";
				CLANG_ENABLE_MODULES = YES;
				CLANG_ENABLE_OBJC_ARC = YES;
				CLANG_ENABLE_OBJC_WEAK = YES;
				CLANG_WARN_BLOCK_CAPTURE_AUTORELEASING = YES;
				CLANG_WARN_BOOL_CONVERSION = YES;
				CLANG_WARN_COMMA = YES;
				CLANG_WARN_CONSTANT_CONVERSION = YES;
				CLANG_WARN_DEPRECATED_OBJC_IMPLEMENTATIONS = YES;
				CLANG_WARN_DIRECT_OBJC_ISA_USAGE = YES_ERROR;
				CLANG_WARN_DOCUMENTATION_COMMENTS = YES;
				CLANG_WARN_EMPTY_BODY = YES;
				CLANG_WARN_ENUM_CONVERSION = YES;
				CLANG_WARN_INFINITE_RECURSION = YES;
				CLANG_WARN_INT_CONVERSION = YES;
				CLANG_WARN_NON_LITERAL_NULL_CONVERSION = YES;
				CLANG_WARN_OBJC_IMPLICIT_RETAIN_SELF = YES;
				CLANG_WARN_OBJC_LITERAL_CONVERSION = YES;
				CLANG_WARN_OBJC_ROOT_CLASS = YES_ERROR;
				CLANG_WARN_QUOTED_INCLUDE_IN_FRAMEWORK_HEADER = YES;
				CLANG_WARN_RANGE_LOOP_ANALYSIS = YES;
				CLANG_WARN_STRICT_PROTOTYPES = YES;
				CLANG_WARN_SUSPICIOUS_MOVE = YES;
				CLANG_WARN_UNGUARDED_AVAILABILITY = YES_AGGRESSIVE;
				CLANG_WARN_UNREACHABLE_CODE = YES;
				CLANG_WARN__DUPLICATE_METHOD_MATCH = YES;
				COPY_PHASE_STRIP = NO;
				DEBUG_INFORMATION_FORMAT = "dwarf-with-dsym";
				ENABLE_NS_ASSERTIONS = NO;
				ENABLE_STRICT_OBJC_MSGSEND = YES;
				ENABLE_USER_SCRIPT_SANDBOXING = YES;
				GCC_C_LANGUAGE_STANDARD = gnu17;
				GCC_NO_COMMON_BLOCKS = YES;
				GCC_WARN_64_TO_32_BIT_CONVERSION = YES;
				GCC_WARN_ABOUT_RETURN_TYPE = YES_ERROR;
				GCC_WARN_UNDECLARED_SELECTOR = YES;
				GCC_WARN_UNINITIALIZED_AUTOS = YES_AGGRESSIVE;
				GCC_WARN_UNUSED_FUNCTION = YES;
				GCC_WARN_UNUSED_VARIABLE = YES;
				IPHONEOS_DEPLOYMENT_TARGET = 18.1;
				LOCALIZATION_PREFERS_STRING_CATALOGS = YES;
				MTL_ENABLE_DEBUG_INFO = NO;
				MTL_FAST_MATH = YES;
				SDKROOT = iphoneos;
				SWIFT_COMPILATION_MODE = wholemodule;
				VALIDATE_PRODUCT = YES;
			};
			name = Release;
		};
		235C1DB12CE3CAE20021ED63 /* Debug */ = {
			isa = XCBuildConfiguration;
			buildSettings = {
				ASSETCATALOG_COMPILER_APPICON_NAME = AppIcon;
				ASSETCATALOG_COMPILER_GLOBAL_ACCENT_COLOR_NAME = AccentColor;
				CODE_SIGN_STYLE = Automatic;
				CURRENT_PROJECT_VERSION = 1;
				DEVELOPMENT_ASSET_PATHS = "\"WaterTracker/Preview Content\"";
				DEVELOPMENT_TEAM = 3789KXPQ2L;
				ENABLE_PREVIEWS = YES;
				GENERATE_INFOPLIST_FILE = YES;
				INFOPLIST_KEY_UIApplicationSceneManifest_Generation = YES;
				INFOPLIST_KEY_UIApplicationSupportsIndirectInputEvents = YES;
				INFOPLIST_KEY_UILaunchScreen_Generation = YES;
				INFOPLIST_KEY_UISupportedInterfaceOrientations_iPad = "UIInterfaceOrientationPortrait UIInterfaceOrientationPortraitUpsideDown UIInterfaceOrientationLandscapeLeft UIInterfaceOrientationLandscapeRight";
				INFOPLIST_KEY_UISupportedInterfaceOrientations_iPhone = "UIInterfaceOrientationPortrait UIInterfaceOrientationLandscapeLeft UIInterfaceOrientationLandscapeRight";
				LD_RUNPATH_SEARCH_PATHS = (
					"$(inherited)",
					"@executable_path/Frameworks",
				);
				MARKETING_VERSION = 1.0;
				PRODUCT_BUNDLE_IDENTIFIER = diy.mdfahim.WaterTracker;
				PRODUCT_NAME = "$(TARGET_NAME)";
				SWIFT_EMIT_LOC_STRINGS = YES;
				SWIFT_VERSION = 5.0;
				TARGETED_DEVICE_FAMILY = "1,2";
			};
			name = Debug;
		};
		235C1DB22CE3CAE20021ED63 /* Release */ = {
			isa = XCBuildConfiguration;
			buildSettings = {
				ASSETCATALOG_COMPILER_APPICON_NAME = AppIcon;
				ASSETCATALOG_COMPILER_GLOBAL_ACCENT_COLOR_NAME = AccentColor;
				CODE_SIGN_STYLE = Automatic;
				CURRENT_PROJECT_VERSION = 1;
				DEVELOPMENT_ASSET_PATHS = "\"WaterTracker/Preview Content\"";
				DEVELOPMENT_TEAM = 3789KXPQ2L;
				ENABLE_PREVIEWS = YES;
				GENERATE_INFOPLIST_FILE = YES;
				INFOPLIST_KEY_UIApplicationSceneManifest_Generation = YES;
				INFOPLIST_KEY_UIApplicationSupportsIndirectInputEvents = YES;
				INFOPLIST_KEY_UILaunchScreen_Generation = YES;
				INFOPLIST_KEY_UISupportedInterfaceOrientations_iPad = "UIInterfaceOrientationPortrait UIInterfaceOrientationPortraitUpsideDown UIInterfaceOrientationLandscapeLeft UIInterfaceOrientationLandscapeRight";
				INFOPLIST_KEY_UISupportedInterfaceOrientations_iPhone = "UIInterfaceOrientationPortrait UIInterfaceOrientationLandscapeLeft UIInterfaceOrientationLandscapeRight";
				LD_RUNPATH_SEARCH_PATHS = (
					"$(inherited)",
					"@executable_path/Frameworks",
				);
				MARKETING_VERSION = 1.0;
				PRODUCT_BUNDLE_IDENTIFIER = diy.mdfahim.WaterTracker;
				PRODUCT_NAME = "$(TARGET_NAME)";
				SWIFT_EMIT_LOC_STRINGS = YES;
				SWIFT_VERSION = 5.0;
				TARGETED_DEVICE_FAMILY = "1,2";
			};
			name = Release;
		};
		235C1DB42CE3CAE20021ED63 /* Debug */ = {
			isa = XCBuildConfiguration;
			buildSettings = {
				BUNDLE_LOADER = "$(TEST_HOST)";
				CODE_SIGN_STYLE = Automatic;
				CURRENT_PROJECT_VERSION = 1;
				GENERATE_INFOPLIST_FILE = YES;
				IPHONEOS_DEPLOYMENT_TARGET = 18.1;
				MARKETING_VERSION = 1.0;
				PRODUCT_BUNDLE_IDENTIFIER = diy.mdfahim.WaterTrackerTests;
				PRODUCT_NAME = "$(TARGET_NAME)";
				SWIFT_EMIT_LOC_STRINGS = NO;
				SWIFT_VERSION = 5.0;
				TARGETED_DEVICE_FAMILY = "1,2";
				TEST_HOST = "$(BUILT_PRODUCTS_DIR)/WaterTracker.app/$(BUNDLE_EXECUTABLE_FOLDER_PATH)/WaterTracker";
			};
			name = Debug;
		};
		235C1DB52CE3CAE20021ED63 /* Release */ = {
			isa = XCBuildConfiguration;
			buildSettings = {
				BUNDLE_LOADER = "$(TEST_HOST)";
				CODE_SIGN_STYLE = Automatic;
				CURRENT_PROJECT_VERSION = 1;
				GENERATE_INFOPLIST_FILE = YES;
				IPHONEOS_DEPLOYMENT_TARGET = 18.1;
				MARKETING_VERSION = 1.0;
				PRODUCT_BUNDLE_IDENTIFIER = diy.mdfahim.WaterTrackerTests;
				PRODUCT_NAME = "$(TARGET_NAME)";
				SWIFT_EMIT_LOC_STRINGS = NO;
				SWIFT_VERSION = 5.0;
				TARGETED_DEVICE_FAMILY = "1,2";
				TEST_HOST = "$(BUILT_PRODUCTS_DIR)/WaterTracker.app/$(BUNDLE_EXECUTABLE_FOLDER_PATH)/WaterTracker";
			};
			name = Release;
		};
		235C1DB72CE3CAE20021ED63 /* Debug */ = {
			isa = XCBuildConfiguration;
			buildSettings = {
				CODE_SIGN_STYLE = Automatic;
				CURRENT_PROJECT_VERSION = 1;
				GENERATE_INFOPLIST_FILE = YES;
				MARKETING_VERSION = 1.0;
				PRODUCT_BUNDLE_IDENTIFIER = diy.mdfahim.WaterTrackerUITests;
				PRODUCT_NAME = "$(TARGET_NAME)";
				SWIFT_EMIT_LOC_STRINGS = NO;
				SWIFT_VERSION = 5.0;
				TARGETED_DEVICE_FAMILY = "1,2";
				TEST_TARGET_NAME = WaterTracker;
			};
			name = Debug;
		};
		235C1DB82CE3CAE20021ED63 /* Release */ = {
			isa = XCBuildConfiguration;
			buildSettings = {
				CODE_SIGN_STYLE = Automatic;
				CURRENT_PROJECT_VERSION = 1;
				GENERATE_INFOPLIST_FILE = YES;
				MARKETING_VERSION = 1.0;
				PRODUCT_BUNDLE_IDENTIFIER = diy.mdfahim.WaterTrackerUITests;
				PRODUCT_NAME = "$(TARGET_NAME)";
				SWIFT_EMIT_LOC_STRINGS = NO;
				SWIFT_VERSION = 5.0;
				TARGETED_DEVICE_FAMILY = "1,2";
				TEST_TARGET_NAME = WaterTracker;
			};
			name = Release;
		};
/* End XCBuildConfiguration section */

/* Begin XCConfigurationList section */
		235C1D872CE3CAE00021ED63 /* Build configuration list for PBXProject "WaterTracker" */ = {
			isa = XCConfigurationList;
			buildConfigurations = (
				235C1DAE2CE3CAE20021ED63 /* Debug */,
				235C1DAF2CE3CAE20021ED63 /* Release */,
			);
			defaultConfigurationIsVisible = 0;
			defaultConfigurationName = Release;
		};
		235C1DB02CE3CAE20021ED63 /* Build configuration list for PBXNativeTarget "WaterTracker" */ = {
			isa = XCConfigurationList;
			buildConfigurations = (
				235C1DB12CE3CAE20021ED63 /* Debug */,
				235C1DB22CE3CAE20021ED63 /* Release */,
			);
			defaultConfigurationIsVisible = 0;
			defaultConfigurationName = Release;
		};
		235C1DB32CE3CAE20021ED63 /* Build configuration list for PBXNativeTarget "WaterTrackerTests" */ = {
			isa = XCConfigurationList;
			buildConfigurations = (
				235C1DB42CE3CAE20021ED63 /* Debug */,
				235C1DB52CE3CAE20021ED63 /* Release */,
			);
			defaultConfigurationIsVisible = 0;
			defaultConfigurationName = Release;
		};
		235C1DB62CE3CAE20021ED63 /* Build configuration list for PBXNativeTarget "WaterTrackerUITests" */ = {
			isa = XCConfigurationList;
			buildConfigurations = (
				235C1DB72CE3CAE20021ED63 /* Debug */,
				235C1DB82CE3CAE20021ED63 /* Release */,
			);
			defaultConfigurationIsVisible = 0;
			defaultConfigurationName = Release;
		};
/* End XCConfigurationList section */
	};
	rootObject = 235C1D842CE3CAE00021ED63 /* Project object */;
}
